
Microsoft Visual Studio Solution File, Format Version 12.00
# Visual Studio Version 16
VisualStudioVersion = 16.0.29728.190
MinimumVisualStudioVersion = 10.0.40219.1
Project("{9A19103F-16F7-4668-BE54-9A1E7A4F7556}") = "PMS", "PMS\PMS.csproj", "{E91CE4EC-C7E5-4FF5-A20E-AAB6B641F78A}"
EndProject
Project("{FAE04EC0-301F-11D3-BF4B-00C04F79EFBC}") = "PMS.Domain", "PMS.Domain\PMS.Domain.csproj", "{9AA0562A-73EB-4AE0-AE18-6808970B5A27}"
EndProject
Project("{FAE04EC0-301F-11D3-BF4B-00C04F79EFBC}") = "PMS.DataAccess", "PMS.DataAccess\PMS.DataAccess.csproj", "{B9E23110-6A09-46AF-90D5-89F85C98A6FB}"
EndProject
Project("{FAE04EC0-301F-11D3-BF4B-00C04F79EFBC}") = "PMS.Business", "PMS.Business\PMS.Business.csproj", "{19BB5527-23EC-4B0A-9B1F-078025F0C9FC}"
EndProject
Global
	GlobalSection(SolutionConfigurationPlatforms) = preSolution
		Debug|Any CPU = Debug|Any CPU
		Release|Any CPU = Release|Any CPU
	EndGlobalSection
	GlobalSection(ProjectConfigurationPlatforms) = postSolution
		{E91CE4EC-C7E5-4FF5-A20E-AAB6B641F78A}.Debug|Any CPU.ActiveCfg = Debug|Any CPU
		{E91CE4EC-C7E5-4FF5-A20E-AAB6B641F78A}.Debug|Any CPU.Build.0 = Debug|Any CPU
		{E91CE4EC-C7E5-4FF5-A20E-AAB6B641F78A}.Release|Any CPU.ActiveCfg = Release|Any CPU
		{E91CE4EC-C7E5-4FF5-A20E-AAB6B641F78A}.Release|Any CPU.Build.0 = Release|Any CPU
		{9AA0562A-73EB-4AE0-AE18-6808970B5A27}.Debug|Any CPU.ActiveCfg = Debug|Any CPU
		{9AA0562A-73EB-4AE0-AE18-6808970B5A27}.Debug|Any CPU.Build.0 = Debug|Any CPU
		{9AA0562A-73EB-4AE0-AE18-6808970B5A27}.Release|Any CPU.ActiveCfg = Release|Any CPU
		{9AA0562A-73EB-4AE0-AE18-6808970B5A27}.Release|Any CPU.Build.0 = Release|Any CPU
		{B9E23110-6A09-46AF-90D5-89F85C98A6FB}.Debug|Any CPU.ActiveCfg = Debug|Any CPU
		{B9E23110-6A09-46AF-90D5-89F85C98A6FB}.Debug|Any CPU.Build.0 = Debug|Any CPU
		{B9E23110-6A09-46AF-90D5-89F85C98A6FB}.Release|Any CPU.ActiveCfg = Release|Any CPU
		{B9E23110-6A09-46AF-90D5-89F85C98A6FB}.Release|Any CPU.Build.0 = Release|Any CPU
		{19BB5527-23EC-4B0A-9B1F-078025F0C9FC}.Debug|Any CPU.ActiveCfg = Debug|Any CPU
		{19BB5527-23EC-4B0A-9B1F-078025F0C9FC}.Debug|Any CPU.Build.0 = Debug|Any CPU
		{19BB5527-23EC-4B0A-9B1F-078025F0C9FC}.Release|Any CPU.ActiveCfg = Release|Any CPU
		{19BB5527-23EC-4B0A-9B1F-078025F0C9FC}.Release|Any CPU.Build.0 = Release|Any CPU
	EndGlobalSection
	GlobalSection(SolutionProperties) = preSolution
		HideSolutionNode = FALSE
	EndGlobalSection
	GlobalSection(ExtensibilityGlobals) = postSolution
		SolutionGuid = {C4AB6C16-2F85-4E02-B8D1-1EEB9F25DD38}
	EndGlobalSection
EndGlobal
